
Microsoft Visual Studio Solution File, Format Version 12.00
# Visual Studio Version 17
VisualStudioVersion = 17.0.32126.317
MinimumVisualStudioVersion = 10.0.40219.1
Project("{FAE04EC0-301F-11D3-BF4B-00C04F79EFBC}") = "InspectEverything", "InspectEverything\InspectEverything.csproj", "{E55D735A-42AA-45AF-8392-EFCBDF9BB395}"
EndProject
Global
	GlobalSection(SolutionConfigurationPlatforms) = preSolution
		Debug|Any CPU = Debug|Any CPU
		Release|Any CPU = Release|Any CPU
	EndGlobalSection
	GlobalSection(ProjectConfigurationPlatforms) = postSolution
		{E55D735A-42AA-45AF-8392-EFCBDF9BB395}.Debug|Any CPU.ActiveCfg = Debug|Any CPU
		{E55D735A-42AA-45AF-8392-EFCBDF9BB395}.Debug|Any CPU.Build.0 = Debug|Any CPU
		{E55D735A-42AA-45AF-8392-EFCBDF9BB395}.Release|Any CPU.ActiveCfg = Release|Any CPU
		{E55D735A-42AA-45AF-8392-EFCBDF9BB395}.Release|Any CPU.Build.0 = Release|Any CPU
	EndGlobalSection
	GlobalSection(SolutionProperties) = preSolution
		HideSolutionNode = FALSE
	EndGlobalSection
	GlobalSection(ExtensibilityGlobals) = postSolution
		SolutionGuid = {DE2725E4-7550-4C09-9CE0-7BC3905BD496}
	EndGlobalSection
EndGlobal
